<?xml version="1.0" encoding="utf-8"?>
<Project ToolsVersion="4.0" xmlns="http://schemas.microsoft.com/developer/msbuild/2003">
  <ItemGroup>
    <Filter Include="Source Files">
      <UniqueIdentifier>{4FC737F1-C7A5-4376-A066-2A32D752A2FF}</UniqueIdentifier>
      <Extensions>cpp;c;cc;cxx;c++;def;odl;idl;hpj;bat;asm;asmx</Extensions>
    </Filter>
    <Filter Include="Header Files">
      <UniqueIdentifier>{93995380-89BD-4b04-88EB-625FBE52EBFB}</UniqueIdentifier>
      <Extensions>h;hh;hpp;hxx;h++;hm;inl;inc;ipp;xsd</Extensions>
    </Filter>
    <Filter Include="Resource Files">
      <UniqueIdentifier>{67DA6AB6-F800-4c08-8B7A-83BB121AAD01}</UniqueIdentifier>
      <Extensions>rc;ico;cur;bmp;dlg;rc2;rct;bin;rgs;gif;jpg;jpeg;jpe;resx;tiff;tif;png;wav;mfcribbon-ms</Extensions>
    </Filter>
    <Filter Include="Reference">
      <UniqueIdentifier>{26152828-640e-485e-95fd-2b07672fdb67}</UniqueIdentifier>
    </Filter>
  </ItemGroup>
  <ItemGroup>
    <ClCompile Include="src\Cards.cpp">
      <Filter>Source Files</Filter>
    </ClCompile>
    <ClCompile Include="src\CardsDriver.cpp">
      <Filter>Source Files</Filter>
    </ClCompile>
    <ClCompile Include="src\main.cpp">
      <Filter>Source Files</Filter>
    </ClCompile>
    <ClCompile Include="src\Map.cpp">
      <Filter>Source Files</Filter>
    </ClCompile>
    <ClCompile Include="src\Orders.cpp">
      <Filter>Source Files</Filter>
    </ClCompile>
    <ClCompile Include="src\OrdersDriver.cpp">
      <Filter>Source Files</Filter>
    </ClCompile>
    <ClCompile Include="src\Player.cpp">
      <Filter>Source Files</Filter>
    </ClCompile>
    <ClCompile Include="src\PlayerDriver.cpp">
      <Filter>Source Files</Filter>
    </ClCompile>
    <ClCompile Include="src\MapDriver.cpp">
      <Filter>Source Files</Filter>
    </ClCompile>
    <ClCompile Include="src\MapLoaderDriver.cpp">
      <Filter>Source Files</Filter>
    </ClCompile>
    <ClCompile Include="src\MapLoader.cpp">
      <Filter>Source Files</Filter>
    </ClCompile>
    <ClCompile Include="src\GameEngine.cpp">
      <Filter>Source Files</Filter>
    </ClCompile>
    <ClCompile Include="src\GameObservers.cpp">
      <Filter>Source Files</Filter>
    </ClCompile>
    <ClCompile Include="src\PlayerStrategy.cpp">
      <Filter>Source Files</Filter>
    </ClCompile>
    <ClCompile Include="src\ConquestFileReaderDriver.cpp">
      <Filter>Source Files</Filter>
    </ClCompile>
  </ItemGroup>
  <ItemGroup>
    <ClInclude Include="src\Cards.h">
      <Filter>Header Files</Filter>
    </ClInclude>
    <ClInclude Include="src\Orders.h">
      <Filter>Header Files</Filter>
    </ClInclude>
    <ClInclude Include="src\Player.h">
      <Filter>Header Files</Filter>
    </ClInclude>
    <ClInclude Include="src\Map.h">
      <Filter>Header Files</Filter>
    </ClInclude>
    <ClInclude Include="src\MapLoader.hpp">
      <Filter>Header Files</Filter>
    </ClInclude>
    <ClInclude Include="src\CardsDriver.h">
      <Filter>Header Files</Filter>
    </ClInclude>
    <ClInclude Include="src\MapDriver.h">
      <Filter>Header Files</Filter>
    </ClInclude>
    <ClInclude Include="src\MapLoaderDriver.hpp">
      <Filter>Header Files</Filter>
    </ClInclude>
    <ClInclude Include="src\OrdersDriver.h">
      <Filter>Header Files</Filter>
    </ClInclude>
    <ClInclude Include="src\PlayerDriver.h">
      <Filter>Header Files</Filter>
    </ClInclude>
    <ClInclude Include="src\GameEngine.h">
      <Filter>Header Files</Filter>
    </ClInclude>
    <ClInclude Include="src\GameObservers.hpp">
      <Filter>Header Files</Filter>
    </ClInclude>
    <ClInclude Include="src\PlayerStrategy.h">
      <Filter>Header Files</Filter>
    </ClInclude>
    <ClInclude Include="src\ConquestFileReaderDriver.h">
      <Filter>Header Files</Filter>
    </ClInclude>
  </ItemGroup>
  <ItemGroup>
    <None Include="README.md" />
    <None Include=".gitignore" />
    <None Include="a1_team26_26317987_40122814_40138253_40135588_26683320.zip" />
    <None Include="CppProperties.json" />
    <None Include="maps\bigeurope.cards" />
    <None Include="maps\bigeurope.map" />
    <None Include="maps\europass.cards" />
    <None Include="maps\europass.map" />
    <None Include="maps\europe.cards" />
    <None Include="maps\europe.map" />
    <None Include="maps\google.cards" />
    <None Include="maps\google.map" />
    <None Include="maps\invalid.cards" />
    <None Include="maps\invalid.map" />
    <None Include="maps\solar.cards" />
    <None Include="maps\solar.map" />
    <None Include="doc\valgrind.md" />
    <None Include="doc\gameobserver.md" />
    <None Include="doc\maploader.md" />
    <None Include="cmaps\Canada.map" />
    <None Include="cmaps\Canada1999.map" />
    <None Include="cmaps\Europe.map" />
    <None Include="cmaps\Solar System.map" />
    <None Include="cmaps\South America.map" />
  </ItemGroup>
  <ItemGroup>
    <Image Include="maps\solar_pic.jpg">
      <Filter>Resource Files</Filter>
    </Image>
    <Image Include="maps\bigeurope_map.gif">
      <Filter>Resource Files</Filter>
    </Image>
    <Image Include="maps\bigeurope_pic.jpg">
      <Filter>Resource Files</Filter>
    </Image>
    <Image Include="maps\europass_map.gif">
      <Filter>Resource Files</Filter>
    </Image>
    <Image Include="maps\europass_pic.png">
      <Filter>Resource Files</Filter>
    </Image>
    <Image Include="maps\europe_map.gif">
      <Filter>Resource Files</Filter>
    </Image>
    <Image Include="maps\europe_pic.jpg">
      <Filter>Resource Files</Filter>
    </Image>
    <Image Include="maps\google_map.gif">
      <Filter>Resource Files</Filter>
    </Image>
    <Image Include="maps\google_pic.jpg">
      <Filter>Resource Files</Filter>
    </Image>
    <Image Include="maps\invalid.gif">
      <Filter>Resource Files</Filter>
    </Image>
    <Image Include="maps\invalid.jpg">
      <Filter>Resource Files</Filter>
    </Image>
    <Image Include="maps\solar_map.gif">
      <Filter>Resource Files</Filter>
    </Image>
    <Image Include="cmaps\Canada.bmp">
      <Filter>Resource Files</Filter>
    </Image>
    <Image Include="cmaps\Canada1999.bmp">
      <Filter>Resource Files</Filter>
    </Image>
    <Image Include="cmaps\Europe.bmp">
      <Filter>Resource Files</Filter>
    </Image>
    <Image Include="cmaps\Solar System.bmp">
      <Filter>Resource Files</Filter>
    </Image>
    <Image Include="cmaps\South America.bmp">
      <Filter>Resource Files</Filter>
    </Image>
  </ItemGroup>
</Project>